
Microsoft Visual Studio Solution File, Format Version 12.00
# Visual Studio Version 18
VisualStudioVersion = 18.0.11222.15
MinimumVisualStudioVersion = 10.0.40219.1
Project("{2150E333-8FDC-42A3-9474-1A3956D46DE8}") = "Src", "Src", "{688FA2E8-F7D4-4A53-B71D-544095BB7FBF}"
EndProject
Project("{2150E333-8FDC-42A3-9474-1A3956D46DE8}") = "Docs", "Docs", "{F3946B0D-7F65-40DA-AEA7-485222B16498}"
EndProject
Project("{2150E333-8FDC-42A3-9474-1A3956D46DE8}") = "Test", "Test", "{9313A460-1FCC-4486-BAFC-253E2AFA7685}"
EndProject
Project("{2150E333-8FDC-42A3-9474-1A3956D46DE8}") = "Core", "Core", "{A3C50260-F50C-42FC-B263-D4F09B6209B6}"
EndProject
Project("{2150E333-8FDC-42A3-9474-1A3956D46DE8}") = "Infrastructure", "Infrastructure", "{46AA629E-FD4F-4059-B686-6708D1763596}"
EndProject
Project("{2150E333-8FDC-42A3-9474-1A3956D46DE8}") = "Presentation", "Presentation", "{988E2175-9C7A-42C1-8CE0-D35BCFE4B599}"
EndProject
Project("{FAE04EC0-301F-11D3-BF4B-00C04F79EFBC}") = "Blazor_MasterClass.Application", "Blazor_MasterClass.Application\Blazor_MasterClass.Application.csproj", "{933B59C7-19C1-43DE-85B4-DAD3EFA1DCA6}"
EndProject
Project("{FAE04EC0-301F-11D3-BF4B-00C04F79EFBC}") = "Blazor_MasterClass.Domain", "Blazor_MasterClass.Domain\Blazor_MasterClass.Domain.csproj", "{9FD5FE1F-F82E-417F-A28E-69A00AA1CAB5}"
EndProject
Project("{FAE04EC0-301F-11D3-BF4B-00C04F79EFBC}") = "Blazor_MasterClass.Infrastructure", "Blazor_MasterClass.Infrastructure\Blazor_MasterClass.Infrastructure.csproj", "{70674CDD-4322-489F-B3A1-C7A7D96C7E10}"
EndProject
Project("{FAE04EC0-301F-11D3-BF4B-00C04F79EFBC}") = "Blazor_MasterClass.Persistence", "Blazor_MasterClass.Persistence\Blazor_MasterClass.Persistence.csproj", "{9F45F98E-A0AA-4ED7-BEB2-F401D7509459}"
EndProject
Project("{2150E333-8FDC-42A3-9474-1A3956D46DE8}") = "Commons", "Commons", "{71F88FD5-90C9-4210-B56F-0DF8C7F7C6A4}"
EndProject
Project("{FAE04EC0-301F-11D3-BF4B-00C04F79EFBC}") = "Blazor_MasterClass.Common", "Blazor_MasterClass.Common\Blazor_MasterClass.Common.csproj", "{383EF02F-41E7-41B3-8843-C5288CB3CDEE}"
EndProject
Project("{2150E333-8FDC-42A3-9474-1A3956D46DE8}") = "UnitTests", "UnitTests", "{310FB273-F534-46D6-8FC1-CEB0C0C83078}"
EndProject
Project("{FAE04EC0-301F-11D3-BF4B-00C04F79EFBC}") = "BlazorMasterClass.Domain.UnitTests", "BlazorMasterClass.Domain.UnitTests.csproj\BlazorMasterClass.Domain.UnitTests.csproj", "{AC796C08-B1FB-452E-ABEC-9971CB2688B7}"
EndProject
Project("{FAE04EC0-301F-11D3-BF4B-00C04F79EFBC}") = "Blazor_MasterClass.Persistence.UnitTests", "Blazor_MasterClass.Persistence.UnitTests\Blazor_MasterClass.Persistence.UnitTests.csproj", "{223731B2-CCDE-4C89-B9F5-1AA4D1ADFF92}"
EndProject
Project("{FAE04EC0-301F-11D3-BF4B-00C04F79EFBC}") = "Blazor_MasterClass.Application.UnitTests", "Blazor_MasterClass.Application.UnitTests\Blazor_MasterClass.Application.UnitTests.csproj", "{B6456A66-EAB7-4C57-A461-3BCEB31C899B}"
EndProject
Project("{FAE04EC0-301F-11D3-BF4B-00C04F79EFBC}") = "Blazor_MasterClass.BlogAPI", "Blazor_MasterClass.BlogAPI\Blazor_MasterClass.BlogAPI.csproj", "{BE9E26AD-F1A7-4AE2-A120-77D9AAE8CD62}"
EndProject
Project("{FAE04EC0-301F-11D3-BF4B-00C04F79EFBC}") = "Blazor_MasterClass.BlogAPI.UnitTests", "Blazor_MasterClass.BlogAPI.UnitTests\Blazor_MasterClass.BlogAPI.UnitTests.csproj", "{B73B96C1-0913-4731-9DF8-FCC129E0CF40}"
EndProject
Project("{2150E333-8FDC-42A3-9474-1A3956D46DE8}") = "Domain", "Domain", "{FEC79646-7564-4D92-A8C7-0386D0431475}"
EndProject
Project("{2150E333-8FDC-42A3-9474-1A3956D46DE8}") = "Solution Items", "Solution Items", "{EB7B752B-C4A6-492B-86AE-C489B5202FBF}"
	ProjectSection(SolutionItems) = preProject
		.editorconfig = .editorconfig
	EndProjectSection
EndProject
Project("{2150E333-8FDC-42A3-9474-1A3956D46DE8}") = "Api", "Api", "{02891637-AC23-4061-9367-76FB84CC482A}"
EndProject
Project("{2150E333-8FDC-42A3-9474-1A3956D46DE8}") = "WebSite", "WebSite", "{0F7F75E6-E8FA-455D-B331-7F5C6FA599B4}"
EndProject
Project("{FAE04EC0-301F-11D3-BF4B-00C04F79EFBC}") = "WebUI", "WebUI\WebUI\WebUI.csproj", "{40BB3DEA-1013-419D-9712-A12A59120316}"
EndProject
Project("{FAE04EC0-301F-11D3-BF4B-00C04F79EFBC}") = "WebUI.Client", "WebUI\WebUI.Client\WebUI.Client.csproj", "{9233C6BA-7C24-4C5F-BDF1-940057371BE5}"
EndProject
Global
	GlobalSection(SolutionConfigurationPlatforms) = preSolution
		Debug|Any CPU = Debug|Any CPU
		Release|Any CPU = Release|Any CPU
	EndGlobalSection
	GlobalSection(ProjectConfigurationPlatforms) = postSolution
		{933B59C7-19C1-43DE-85B4-DAD3EFA1DCA6}.Debug|Any CPU.ActiveCfg = Debug|Any CPU
		{933B59C7-19C1-43DE-85B4-DAD3EFA1DCA6}.Debug|Any CPU.Build.0 = Debug|Any CPU
		{933B59C7-19C1-43DE-85B4-DAD3EFA1DCA6}.Release|Any CPU.ActiveCfg = Release|Any CPU
		{933B59C7-19C1-43DE-85B4-DAD3EFA1DCA6}.Release|Any CPU.Build.0 = Release|Any CPU
		{9FD5FE1F-F82E-417F-A28E-69A00AA1CAB5}.Debug|Any CPU.ActiveCfg = Debug|Any CPU
		{9FD5FE1F-F82E-417F-A28E-69A00AA1CAB5}.Debug|Any CPU.Build.0 = Debug|Any CPU
		{9FD5FE1F-F82E-417F-A28E-69A00AA1CAB5}.Release|Any CPU.ActiveCfg = Release|Any CPU
		{9FD5FE1F-F82E-417F-A28E-69A00AA1CAB5}.Release|Any CPU.Build.0 = Release|Any CPU
		{70674CDD-4322-489F-B3A1-C7A7D96C7E10}.Debug|Any CPU.ActiveCfg = Debug|Any CPU
		{70674CDD-4322-489F-B3A1-C7A7D96C7E10}.Debug|Any CPU.Build.0 = Debug|Any CPU
		{70674CDD-4322-489F-B3A1-C7A7D96C7E10}.Release|Any CPU.ActiveCfg = Release|Any CPU
		{70674CDD-4322-489F-B3A1-C7A7D96C7E10}.Release|Any CPU.Build.0 = Release|Any CPU
		{9F45F98E-A0AA-4ED7-BEB2-F401D7509459}.Debug|Any CPU.ActiveCfg = Debug|Any CPU
		{9F45F98E-A0AA-4ED7-BEB2-F401D7509459}.Debug|Any CPU.Build.0 = Debug|Any CPU
		{9F45F98E-A0AA-4ED7-BEB2-F401D7509459}.Release|Any CPU.ActiveCfg = Release|Any CPU
		{9F45F98E-A0AA-4ED7-BEB2-F401D7509459}.Release|Any CPU.Build.0 = Release|Any CPU
		{383EF02F-41E7-41B3-8843-C5288CB3CDEE}.Debug|Any CPU.ActiveCfg = Debug|Any CPU
		{383EF02F-41E7-41B3-8843-C5288CB3CDEE}.Debug|Any CPU.Build.0 = Debug|Any CPU
		{383EF02F-41E7-41B3-8843-C5288CB3CDEE}.Release|Any CPU.ActiveCfg = Release|Any CPU
		{383EF02F-41E7-41B3-8843-C5288CB3CDEE}.Release|Any CPU.Build.0 = Release|Any CPU
		{AC796C08-B1FB-452E-ABEC-9971CB2688B7}.Debug|Any CPU.ActiveCfg = Debug|Any CPU
		{AC796C08-B1FB-452E-ABEC-9971CB2688B7}.Debug|Any CPU.Build.0 = Debug|Any CPU
		{AC796C08-B1FB-452E-ABEC-9971CB2688B7}.Release|Any CPU.ActiveCfg = Release|Any CPU
		{AC796C08-B1FB-452E-ABEC-9971CB2688B7}.Release|Any CPU.Build.0 = Release|Any CPU
		{223731B2-CCDE-4C89-B9F5-1AA4D1ADFF92}.Debug|Any CPU.ActiveCfg = Debug|Any CPU
		{223731B2-CCDE-4C89-B9F5-1AA4D1ADFF92}.Debug|Any CPU.Build.0 = Debug|Any CPU
		{223731B2-CCDE-4C89-B9F5-1AA4D1ADFF92}.Release|Any CPU.ActiveCfg = Release|Any CPU
		{223731B2-CCDE-4C89-B9F5-1AA4D1ADFF92}.Release|Any CPU.Build.0 = Release|Any CPU
		{B6456A66-EAB7-4C57-A461-3BCEB31C899B}.Debug|Any CPU.ActiveCfg = Debug|Any CPU
		{B6456A66-EAB7-4C57-A461-3BCEB31C899B}.Debug|Any CPU.Build.0 = Debug|Any CPU
		{B6456A66-EAB7-4C57-A461-3BCEB31C899B}.Release|Any CPU.ActiveCfg = Release|Any CPU
		{B6456A66-EAB7-4C57-A461-3BCEB31C899B}.Release|Any CPU.Build.0 = Release|Any CPU
		{BE9E26AD-F1A7-4AE2-A120-77D9AAE8CD62}.Debug|Any CPU.ActiveCfg = Debug|Any CPU
		{BE9E26AD-F1A7-4AE2-A120-77D9AAE8CD62}.Debug|Any CPU.Build.0 = Debug|Any CPU
		{BE9E26AD-F1A7-4AE2-A120-77D9AAE8CD62}.Release|Any CPU.ActiveCfg = Release|Any CPU
		{BE9E26AD-F1A7-4AE2-A120-77D9AAE8CD62}.Release|Any CPU.Build.0 = Release|Any CPU
		{B73B96C1-0913-4731-9DF8-FCC129E0CF40}.Debug|Any CPU.ActiveCfg = Debug|Any CPU
		{B73B96C1-0913-4731-9DF8-FCC129E0CF40}.Debug|Any CPU.Build.0 = Debug|Any CPU
		{B73B96C1-0913-4731-9DF8-FCC129E0CF40}.Release|Any CPU.ActiveCfg = Release|Any CPU
		{B73B96C1-0913-4731-9DF8-FCC129E0CF40}.Release|Any CPU.Build.0 = Release|Any CPU
		{40BB3DEA-1013-419D-9712-A12A59120316}.Debug|Any CPU.ActiveCfg = Debug|Any CPU
		{40BB3DEA-1013-419D-9712-A12A59120316}.Debug|Any CPU.Build.0 = Debug|Any CPU
		{40BB3DEA-1013-419D-9712-A12A59120316}.Release|Any CPU.ActiveCfg = Release|Any CPU
		{40BB3DEA-1013-419D-9712-A12A59120316}.Release|Any CPU.Build.0 = Release|Any CPU
		{9233C6BA-7C24-4C5F-BDF1-940057371BE5}.Debug|Any CPU.ActiveCfg = Debug|Any CPU
		{9233C6BA-7C24-4C5F-BDF1-940057371BE5}.Debug|Any CPU.Build.0 = Debug|Any CPU
		{9233C6BA-7C24-4C5F-BDF1-940057371BE5}.Release|Any CPU.ActiveCfg = Release|Any CPU
		{9233C6BA-7C24-4C5F-BDF1-940057371BE5}.Release|Any CPU.Build.0 = Release|Any CPU
	EndGlobalSection
	GlobalSection(SolutionProperties) = preSolution
		HideSolutionNode = FALSE
	EndGlobalSection
	GlobalSection(NestedProjects) = preSolution
		{A3C50260-F50C-42FC-B263-D4F09B6209B6} = {688FA2E8-F7D4-4A53-B71D-544095BB7FBF}
		{46AA629E-FD4F-4059-B686-6708D1763596} = {688FA2E8-F7D4-4A53-B71D-544095BB7FBF}
		{988E2175-9C7A-42C1-8CE0-D35BCFE4B599} = {688FA2E8-F7D4-4A53-B71D-544095BB7FBF}
		{933B59C7-19C1-43DE-85B4-DAD3EFA1DCA6} = {A3C50260-F50C-42FC-B263-D4F09B6209B6}
		{9FD5FE1F-F82E-417F-A28E-69A00AA1CAB5} = {A3C50260-F50C-42FC-B263-D4F09B6209B6}
		{70674CDD-4322-489F-B3A1-C7A7D96C7E10} = {46AA629E-FD4F-4059-B686-6708D1763596}
		{9F45F98E-A0AA-4ED7-BEB2-F401D7509459} = {46AA629E-FD4F-4059-B686-6708D1763596}
		{71F88FD5-90C9-4210-B56F-0DF8C7F7C6A4} = {688FA2E8-F7D4-4A53-B71D-544095BB7FBF}
		{383EF02F-41E7-41B3-8843-C5288CB3CDEE} = {71F88FD5-90C9-4210-B56F-0DF8C7F7C6A4}
		{310FB273-F534-46D6-8FC1-CEB0C0C83078} = {9313A460-1FCC-4486-BAFC-253E2AFA7685}
		{AC796C08-B1FB-452E-ABEC-9971CB2688B7} = {310FB273-F534-46D6-8FC1-CEB0C0C83078}
		{223731B2-CCDE-4C89-B9F5-1AA4D1ADFF92} = {310FB273-F534-46D6-8FC1-CEB0C0C83078}
		{B6456A66-EAB7-4C57-A461-3BCEB31C899B} = {310FB273-F534-46D6-8FC1-CEB0C0C83078}
		{BE9E26AD-F1A7-4AE2-A120-77D9AAE8CD62} = {02891637-AC23-4061-9367-76FB84CC482A}
		{B73B96C1-0913-4731-9DF8-FCC129E0CF40} = {310FB273-F534-46D6-8FC1-CEB0C0C83078}
		{FEC79646-7564-4D92-A8C7-0386D0431475} = {F3946B0D-7F65-40DA-AEA7-485222B16498}
		{02891637-AC23-4061-9367-76FB84CC482A} = {988E2175-9C7A-42C1-8CE0-D35BCFE4B599}
		{0F7F75E6-E8FA-455D-B331-7F5C6FA599B4} = {988E2175-9C7A-42C1-8CE0-D35BCFE4B599}
		{40BB3DEA-1013-419D-9712-A12A59120316} = {0F7F75E6-E8FA-455D-B331-7F5C6FA599B4}
		{9233C6BA-7C24-4C5F-BDF1-940057371BE5} = {0F7F75E6-E8FA-455D-B331-7F5C6FA599B4}
	EndGlobalSection
EndGlobal
